
Microsoft Visual Studio Solution File, Format Version 12.00
# Visual Studio Version 16
VisualStudioVersion = 16.0.31624.102
MinimumVisualStudioVersion = 10.0.40219.1
Project("{FAE04EC0-301F-11D3-BF4B-00C04F79EFBC}") = "AppTest", "AppTest\AppTest.csproj", "{FBF79F49-15E8-44D2-B299-DDBB9F302C17}"
EndProject
Global
	GlobalSection(SolutionConfigurationPlatforms) = preSolution
		Debug|Any CPU = Debug|Any CPU
		Release|Any CPU = Release|Any CPU
	EndGlobalSection
	GlobalSection(ProjectConfigurationPlatforms) = postSolution
		{FBF79F49-15E8-44D2-B299-DDBB9F302C17}.Debug|Any CPU.ActiveCfg = Debug|Any CPU
		{FBF79F49-15E8-44D2-B299-DDBB9F302C17}.Debug|Any CPU.Build.0 = Debug|Any CPU
		{FBF79F49-15E8-44D2-B299-DDBB9F302C17}.Release|Any CPU.ActiveCfg = Release|Any CPU
		{FBF79F49-15E8-44D2-B299-DDBB9F302C17}.Release|Any CPU.Build.0 = Release|Any CPU
	EndGlobalSection
	GlobalSection(SolutionProperties) = preSolution
		HideSolutionNode = FALSE
	EndGlobalSection
	GlobalSection(ExtensibilityGlobals) = postSolution
		SolutionGuid = {D183EE0A-8106-4D16-82C6-C3DAA5D8E9B7}
	EndGlobalSection
EndGlobal
